// !$*UTF8*$!
{
	archiveVersion = 1;
	classes = {
	};
	objectVersion = 56;
	objects = {

/* Begin PBXBuildFile section */
		8B17722E2C99E20A002EAFEB /* AppDelegate.swift in Sources */ = {isa = PBXBuildFile; fileRef = 8B17722D2C99E20A002EAFEB /* AppDelegate.swift */; };
		8B1772322C99E20A002EAFEB /* BreedsListingViewController.swift in Sources */ = {isa = PBXBuildFile; fileRef = 8B1772312C99E20A002EAFEB /* BreedsListingViewController.swift */; };
		8B1772372C99E20C002EAFEB /* Assets.xcassets in Resources */ = {isa = PBXBuildFile; fileRef = 8B1772362C99E20C002EAFEB /* Assets.xcassets */; };
		8B17723A2C99E20C002EAFEB /* Base in Resources */ = {isa = PBXBuildFile; fileRef = 8B1772392C99E20C002EAFEB /* Base */; };
		8B1772452C99E20D002EAFEB /* cat_breedsTests.swift in Sources */ = {isa = PBXBuildFile; fileRef = 8B1772442C99E20D002EAFEB /* cat_breedsTests.swift */; };
		8B17724F2C99E20D002EAFEB /* cat_breedsUITests.swift in Sources */ = {isa = PBXBuildFile; fileRef = 8B17724E2C99E20D002EAFEB /* cat_breedsUITests.swift */; };
		8B1772512C99E20D002EAFEB /* cat_breedsUITestsLaunchTests.swift in Sources */ = {isa = PBXBuildFile; fileRef = 8B1772502C99E20D002EAFEB /* cat_breedsUITestsLaunchTests.swift */; };
		8BBDB2F82C9A3BAA0006C0E7 /* HTTPClient.swift in Sources */ = {isa = PBXBuildFile; fileRef = 8BBDB2F62C9A3BAA0006C0E7 /* HTTPClient.swift */; };
		8BBDB2F92C9A3BAA0006C0E7 /* NetworkRequest.swift in Sources */ = {isa = PBXBuildFile; fileRef = 8BBDB2F42C9A3BAA0006C0E7 /* NetworkRequest.swift */; };
		8BBDB2FD2C9A3E310006C0E7 /* NetworkClientTests.swift in Sources */ = {isa = PBXBuildFile; fileRef = 8BBDB2FC2C9A3E310006C0E7 /* NetworkClientTests.swift */; };
		8BBDB2FF2C9A6BC50006C0E7 /* Constants.swift in Sources */ = {isa = PBXBuildFile; fileRef = 8BBDB2FE2C9A6BC20006C0E7 /* Constants.swift */; };
		8BBDB3042C9A784C0006C0E7 /* FetchBreedsService.swift in Sources */ = {isa = PBXBuildFile; fileRef = 8BBDB3032C9A78410006C0E7 /* FetchBreedsService.swift */; };
		8BBDB3062C9A78E00006C0E7 /* FetchBreedsRequest.swift in Sources */ = {isa = PBXBuildFile; fileRef = 8BBDB3052C9A78DA0006C0E7 /* FetchBreedsRequest.swift */; };
		8BBDB3092C9A79C00006C0E7 /* Entity.swift in Sources */ = {isa = PBXBuildFile; fileRef = 8BBDB3082C9A79B90006C0E7 /* Entity.swift */; };
		8BBDB30C2C9AF97C0006C0E7 /* FetchBreedsUseCase.swift in Sources */ = {isa = PBXBuildFile; fileRef = 8BBDB30B2C9AF9650006C0E7 /* FetchBreedsUseCase.swift */; };
		8BBDB3122C9B1A7F0006C0E7 /* BreedModel.swift in Sources */ = {isa = PBXBuildFile; fileRef = 8BBDB3112C9B1A7F0006C0E7 /* BreedModel.swift */; };
		8BBDB3142C9B48410006C0E7 /* BreedsListingViewModel.swift in Sources */ = {isa = PBXBuildFile; fileRef = 8BBDB3132C9B48370006C0E7 /* BreedsListingViewModel.swift */; };
/* End PBXBuildFile section */

/* Begin PBXContainerItemProxy section */
		8B1772412C99E20D002EAFEB /* PBXContainerItemProxy */ = {
			isa = PBXContainerItemProxy;
			containerPortal = 8B1772222C99E20A002EAFEB /* Project object */;
			proxyType = 1;
			remoteGlobalIDString = 8B1772292C99E20A002EAFEB;
			remoteInfo = "cat-breeds";
		};
		8B17724B2C99E20D002EAFEB /* PBXContainerItemProxy */ = {
			isa = PBXContainerItemProxy;
			containerPortal = 8B1772222C99E20A002EAFEB /* Project object */;
			proxyType = 1;
			remoteGlobalIDString = 8B1772292C99E20A002EAFEB;
			remoteInfo = "cat-breeds";
		};
/* End PBXContainerItemProxy section */

/* Begin PBXFileReference section */
		8B17722A2C99E20A002EAFEB /* cat-breeds.app */ = {isa = PBXFileReference; explicitFileType = wrapper.application; includeInIndex = 0; path = "cat-breeds.app"; sourceTree = BUILT_PRODUCTS_DIR; };
		8B17722D2C99E20A002EAFEB /* AppDelegate.swift */ = {isa = PBXFileReference; lastKnownFileType = sourcecode.swift; path = AppDelegate.swift; sourceTree = "<group>"; };
		8B1772312C99E20A002EAFEB /* BreedsListingViewController.swift */ = {isa = PBXFileReference; lastKnownFileType = sourcecode.swift; path = BreedsListingViewController.swift; sourceTree = "<group>"; };
		8B1772362C99E20C002EAFEB /* Assets.xcassets */ = {isa = PBXFileReference; lastKnownFileType = folder.assetcatalog; path = Assets.xcassets; sourceTree = "<group>"; };
		8B1772392C99E20C002EAFEB /* Base */ = {isa = PBXFileReference; lastKnownFileType = file.storyboard; name = Base; path = Base.lproj/LaunchScreen.storyboard; sourceTree = "<group>"; };
		8B17723B2C99E20C002EAFEB /* Info.plist */ = {isa = PBXFileReference; lastKnownFileType = text.plist.xml; name = Info.plist; path = "cat-breeds/App/Info.plist"; sourceTree = SOURCE_ROOT; };
		8B1772402C99E20D002EAFEB /* cat-breedsTests.xctest */ = {isa = PBXFileReference; explicitFileType = wrapper.cfbundle; includeInIndex = 0; path = "cat-breedsTests.xctest"; sourceTree = BUILT_PRODUCTS_DIR; };
		8B1772442C99E20D002EAFEB /* cat_breedsTests.swift */ = {isa = PBXFileReference; lastKnownFileType = sourcecode.swift; path = cat_breedsTests.swift; sourceTree = "<group>"; };
		8B17724A2C99E20D002EAFEB /* cat-breedsUITests.xctest */ = {isa = PBXFileReference; explicitFileType = wrapper.cfbundle; includeInIndex = 0; path = "cat-breedsUITests.xctest"; sourceTree = BUILT_PRODUCTS_DIR; };
		8B17724E2C99E20D002EAFEB /* cat_breedsUITests.swift */ = {isa = PBXFileReference; lastKnownFileType = sourcecode.swift; path = cat_breedsUITests.swift; sourceTree = "<group>"; };
		8B1772502C99E20D002EAFEB /* cat_breedsUITestsLaunchTests.swift */ = {isa = PBXFileReference; lastKnownFileType = sourcecode.swift; path = cat_breedsUITestsLaunchTests.swift; sourceTree = "<group>"; };
		8BBDB2F42C9A3BAA0006C0E7 /* NetworkRequest.swift */ = {isa = PBXFileReference; lastKnownFileType = sourcecode.swift; path = NetworkRequest.swift; sourceTree = "<group>"; };
		8BBDB2F62C9A3BAA0006C0E7 /* HTTPClient.swift */ = {isa = PBXFileReference; lastKnownFileType = sourcecode.swift; path = HTTPClient.swift; sourceTree = "<group>"; };
		8BBDB2FC2C9A3E310006C0E7 /* NetworkClientTests.swift */ = {isa = PBXFileReference; lastKnownFileType = sourcecode.swift; path = NetworkClientTests.swift; sourceTree = "<group>"; };
		8BBDB2FE2C9A6BC20006C0E7 /* Constants.swift */ = {isa = PBXFileReference; lastKnownFileType = sourcecode.swift; path = Constants.swift; sourceTree = "<group>"; };
		8BBDB3032C9A78410006C0E7 /* FetchBreedsService.swift */ = {isa = PBXFileReference; lastKnownFileType = sourcecode.swift; path = FetchBreedsService.swift; sourceTree = "<group>"; };
		8BBDB3052C9A78DA0006C0E7 /* FetchBreedsRequest.swift */ = {isa = PBXFileReference; lastKnownFileType = sourcecode.swift; path = FetchBreedsRequest.swift; sourceTree = "<group>"; };
		8BBDB3082C9A79B90006C0E7 /* Entity.swift */ = {isa = PBXFileReference; lastKnownFileType = sourcecode.swift; path = Entity.swift; sourceTree = "<group>"; };
		8BBDB30B2C9AF9650006C0E7 /* FetchBreedsUseCase.swift */ = {isa = PBXFileReference; lastKnownFileType = sourcecode.swift; path = FetchBreedsUseCase.swift; sourceTree = "<group>"; };
		8BBDB3112C9B1A7F0006C0E7 /* BreedModel.swift */ = {isa = PBXFileReference; lastKnownFileType = sourcecode.swift; path = BreedModel.swift; sourceTree = "<group>"; };
		8BBDB3132C9B48370006C0E7 /* BreedsListingViewModel.swift */ = {isa = PBXFileReference; lastKnownFileType = sourcecode.swift; path = BreedsListingViewModel.swift; sourceTree = "<group>"; };
/* End PBXFileReference section */

/* Begin PBXFrameworksBuildPhase section */
		8B1772272C99E20A002EAFEB /* Frameworks */ = {
			isa = PBXFrameworksBuildPhase;
			buildActionMask = 2147483647;
			files = (
			);
			runOnlyForDeploymentPostprocessing = 0;
		};
		8B17723D2C99E20D002EAFEB /* Frameworks */ = {
			isa = PBXFrameworksBuildPhase;
			buildActionMask = 2147483647;
			files = (
			);
			runOnlyForDeploymentPostprocessing = 0;
		};
		8B1772472C99E20D002EAFEB /* Frameworks */ = {
			isa = PBXFrameworksBuildPhase;
			buildActionMask = 2147483647;
			files = (
			);
			runOnlyForDeploymentPostprocessing = 0;
		};
/* End PBXFrameworksBuildPhase section */

/* Begin PBXGroup section */
		8B1772212C99E20A002EAFEB = {
			isa = PBXGroup;
			children = (
				8B17722C2C99E20A002EAFEB /* cat-breeds */,
				8B1772432C99E20D002EAFEB /* cat-breedsTests */,
				8B17724D2C99E20D002EAFEB /* cat-breedsUITests */,
				8B17722B2C99E20A002EAFEB /* Products */,
			);
			sourceTree = "<group>";
		};
		8B17722B2C99E20A002EAFEB /* Products */ = {
			isa = PBXGroup;
			children = (
				8B17722A2C99E20A002EAFEB /* cat-breeds.app */,
				8B1772402C99E20D002EAFEB /* cat-breedsTests.xctest */,
				8B17724A2C99E20D002EAFEB /* cat-breedsUITests.xctest */,
			);
			name = Products;
			sourceTree = "<group>";
		};
		8B17722C2C99E20A002EAFEB /* cat-breeds */ = {
			isa = PBXGroup;
			children = (
				8BBDB30D2C9B19D80006C0E7 /* Presentation */,
				8BBDB30A2C9AF7B50006C0E7 /* Domain */,
				8BBDB3012C9A6C7D0006C0E7 /* App */,
				8BBDB3002C9A6C6B0006C0E7 /* Services */,
				8BBDB2FE2C9A6BC20006C0E7 /* Constants.swift */,
				8BBDB2F72C9A3BAA0006C0E7 /* Networking */,
			);
			path = "cat-breeds";
			sourceTree = "<group>";
		};
		8B1772432C99E20D002EAFEB /* cat-breedsTests */ = {
			isa = PBXGroup;
			children = (
				8BBDB2FC2C9A3E310006C0E7 /* NetworkClientTests.swift */,
				8B1772442C99E20D002EAFEB /* cat_breedsTests.swift */,
			);
			path = "cat-breedsTests";
			sourceTree = "<group>";
		};
		8B17724D2C99E20D002EAFEB /* cat-breedsUITests */ = {
			isa = PBXGroup;
			children = (
				8B17724E2C99E20D002EAFEB /* cat_breedsUITests.swift */,
				8B1772502C99E20D002EAFEB /* cat_breedsUITestsLaunchTests.swift */,
			);
			path = "cat-breedsUITests";
			sourceTree = "<group>";
		};
		8BBDB2F72C9A3BAA0006C0E7 /* Networking */ = {
			isa = PBXGroup;
			children = (
				8BBDB2F42C9A3BAA0006C0E7 /* NetworkRequest.swift */,
				8BBDB2F62C9A3BAA0006C0E7 /* HTTPClient.swift */,
			);
			path = Networking;
			sourceTree = "<group>";
		};
		8BBDB3002C9A6C6B0006C0E7 /* Services */ = {
			isa = PBXGroup;
			children = (
				8BBDB3082C9A79B90006C0E7 /* Entity.swift */,
				8BBDB3072C9A79A80006C0E7 /* FetchBreedsService */,
			);
			path = Services;
			sourceTree = "<group>";
		};
		8BBDB3012C9A6C7D0006C0E7 /* App */ = {
			isa = PBXGroup;
			children = (
				8B17722D2C99E20A002EAFEB /* AppDelegate.swift */,
				8B1772362C99E20C002EAFEB /* Assets.xcassets */,
				8B1772382C99E20C002EAFEB /* LaunchScreen.storyboard */,
				8B17723B2C99E20C002EAFEB /* Info.plist */,
			);
			path = App;
			sourceTree = "<group>";
		};
		8BBDB3072C9A79A80006C0E7 /* FetchBreedsService */ = {
			isa = PBXGroup;
			children = (
				8BBDB3052C9A78DA0006C0E7 /* FetchBreedsRequest.swift */,
				8BBDB3032C9A78410006C0E7 /* FetchBreedsService.swift */,
			);
			path = FetchBreedsService;
			sourceTree = "<group>";
		};
		8BBDB30A2C9AF7B50006C0E7 /* Domain */ = {
			isa = PBXGroup;
			children = (
				8BBDB30E2C9B1A670006C0E7 /* Models */,
				8BBDB30B2C9AF9650006C0E7 /* FetchBreedsUseCase.swift */,
			);
			path = Domain;
			sourceTree = "<group>";
		};
		8BBDB30D2C9B19D80006C0E7 /* Presentation */ = {
			isa = PBXGroup;
			children = (
				8BBDB3132C9B48370006C0E7 /* BreedsListingViewModel.swift */,
				8B1772312C99E20A002EAFEB /* BreedsListingViewController.swift */,
			);
			path = Presentation;
			sourceTree = "<group>";
		};
		8BBDB30E2C9B1A670006C0E7 /* Models */ = {
			isa = PBXGroup;
			children = (
				8BBDB3112C9B1A7F0006C0E7 /* BreedModel.swift */,
			);
			path = Models;
			sourceTree = "<group>";
		};
/* End PBXGroup section */

/* Begin PBXNativeTarget section */
		8B1772292C99E20A002EAFEB /* cat-breeds */ = {
			isa = PBXNativeTarget;
			buildConfigurationList = 8B1772542C99E20D002EAFEB /* Build configuration list for PBXNativeTarget "cat-breeds" */;
			buildPhases = (
				8B1772262C99E20A002EAFEB /* Sources */,
				8B1772272C99E20A002EAFEB /* Frameworks */,
				8B1772282C99E20A002EAFEB /* Resources */,
			);
			buildRules = (
			);
			dependencies = (
			);
			name = "cat-breeds";
			productName = "cat-breeds";
			productReference = 8B17722A2C99E20A002EAFEB /* cat-breeds.app */;
			productType = "com.apple.product-type.application";
		};
		8B17723F2C99E20D002EAFEB /* cat-breedsTests */ = {
			isa = PBXNativeTarget;
			buildConfigurationList = 8B1772572C99E20D002EAFEB /* Build configuration list for PBXNativeTarget "cat-breedsTests" */;
			buildPhases = (
				8B17723C2C99E20D002EAFEB /* Sources */,
				8B17723D2C99E20D002EAFEB /* Frameworks */,
				8B17723E2C99E20D002EAFEB /* Resources */,
			);
			buildRules = (
			);
			dependencies = (
				8B1772422C99E20D002EAFEB /* PBXTargetDependency */,
			);
			name = "cat-breedsTests";
			productName = "cat-breedsTests";
			productReference = 8B1772402C99E20D002EAFEB /* cat-breedsTests.xctest */;
			productType = "com.apple.product-type.bundle.unit-test";
		};
		8B1772492C99E20D002EAFEB /* cat-breedsUITests */ = {
			isa = PBXNativeTarget;
			buildConfigurationList = 8B17725A2C99E20D002EAFEB /* Build configuration list for PBXNativeTarget "cat-breedsUITests" */;
			buildPhases = (
				8B1772462C99E20D002EAFEB /* Sources */,
				8B1772472C99E20D002EAFEB /* Frameworks */,
				8B1772482C99E20D002EAFEB /* Resources */,
			);
			buildRules = (
			);
			dependencies = (
				8B17724C2C99E20D002EAFEB /* PBXTargetDependency */,
			);
			name = "cat-breedsUITests";
			productName = "cat-breedsUITests";
			productReference = 8B17724A2C99E20D002EAFEB /* cat-breedsUITests.xctest */;
			productType = "com.apple.product-type.bundle.ui-testing";
		};
/* End PBXNativeTarget section */

/* Begin PBXProject section */
		8B1772222C99E20A002EAFEB /* Project object */ = {
			isa = PBXProject;
			attributes = {
				BuildIndependentTargetsInParallel = 1;
				LastSwiftUpdateCheck = 1540;
				LastUpgradeCheck = 1600;
				TargetAttributes = {
					8B1772292C99E20A002EAFEB = {
						CreatedOnToolsVersion = 15.4;
					};
					8B17723F2C99E20D002EAFEB = {
						CreatedOnToolsVersion = 15.4;
						TestTargetID = 8B1772292C99E20A002EAFEB;
					};
					8B1772492C99E20D002EAFEB = {
						CreatedOnToolsVersion = 15.4;
						TestTargetID = 8B1772292C99E20A002EAFEB;
					};
				};
			};
			buildConfigurationList = 8B1772252C99E20A002EAFEB /* Build configuration list for PBXProject "cat-breeds" */;
			compatibilityVersion = "Xcode 14.0";
			developmentRegion = en;
			hasScannedForEncodings = 0;
			knownRegions = (
				en,
				Base,
			);
			mainGroup = 8B1772212C99E20A002EAFEB;
			productRefGroup = 8B17722B2C99E20A002EAFEB /* Products */;
			projectDirPath = "";
			projectRoot = "";
			targets = (
				8B1772292C99E20A002EAFEB /* cat-breeds */,
				8B17723F2C99E20D002EAFEB /* cat-breedsTests */,
				8B1772492C99E20D002EAFEB /* cat-breedsUITests */,
			);
		};
/* End PBXProject section */

/* Begin PBXResourcesBuildPhase section */
		8B1772282C99E20A002EAFEB /* Resources */ = {
			isa = PBXResourcesBuildPhase;
			buildActionMask = 2147483647;
			files = (
				8B1772372C99E20C002EAFEB /* Assets.xcassets in Resources */,
				8B17723A2C99E20C002EAFEB /* Base in Resources */,
			);
			runOnlyForDeploymentPostprocessing = 0;
		};
		8B17723E2C99E20D002EAFEB /* Resources */ = {
			isa = PBXResourcesBuildPhase;
			buildActionMask = 2147483647;
			files = (
			);
			runOnlyForDeploymentPostprocessing = 0;
		};
		8B1772482C99E20D002EAFEB /* Resources */ = {
			isa = PBXResourcesBuildPhase;
			buildActionMask = 2147483647;
			files = (
			);
			runOnlyForDeploymentPostprocessing = 0;
		};
/* End PBXResourcesBuildPhase section */

/* Begin PBXSourcesBuildPhase section */
		8B1772262C99E20A002EAFEB /* Sources */ = {
			isa = PBXSourcesBuildPhase;
			buildActionMask = 2147483647;
			files = (
				8BBDB3142C9B48410006C0E7 /* BreedsListingViewModel.swift in Sources */,
				8BBDB3062C9A78E00006C0E7 /* FetchBreedsRequest.swift in Sources */,
				8BBDB2FF2C9A6BC50006C0E7 /* Constants.swift in Sources */,
				8BBDB3042C9A784C0006C0E7 /* FetchBreedsService.swift in Sources */,
				8BBDB30C2C9AF97C0006C0E7 /* FetchBreedsUseCase.swift in Sources */,
				8BBDB3122C9B1A7F0006C0E7 /* BreedModel.swift in Sources */,
				8B1772322C99E20A002EAFEB /* BreedsListingViewController.swift in Sources */,
				8BBDB3092C9A79C00006C0E7 /* Entity.swift in Sources */,
				8B17722E2C99E20A002EAFEB /* AppDelegate.swift in Sources */,
				8BBDB2F82C9A3BAA0006C0E7 /* HTTPClient.swift in Sources */,
				8BBDB2F92C9A3BAA0006C0E7 /* NetworkRequest.swift in Sources */,
			);
			runOnlyForDeploymentPostprocessing = 0;
		};
		8B17723C2C99E20D002EAFEB /* Sources */ = {
			isa = PBXSourcesBuildPhase;
			buildActionMask = 2147483647;
			files = (
				8BBDB2FD2C9A3E310006C0E7 /* NetworkClientTests.swift in Sources */,
				8B1772452C99E20D002EAFEB /* cat_breedsTests.swift in Sources */,
			);
			runOnlyForDeploymentPostprocessing = 0;
		};
		8B1772462C99E20D002EAFEB /* Sources */ = {
			isa = PBXSourcesBuildPhase;
			buildActionMask = 2147483647;
			files = (
				8B1772512C99E20D002EAFEB /* cat_breedsUITestsLaunchTests.swift in Sources */,
				8B17724F2C99E20D002EAFEB /* cat_breedsUITests.swift in Sources */,
			);
			runOnlyForDeploymentPostprocessing = 0;
		};
/* End PBXSourcesBuildPhase section */

/* Begin PBXTargetDependency section */
		8B1772422C99E20D002EAFEB /* PBXTargetDependency */ = {
			isa = PBXTargetDependency;
			target = 8B1772292C99E20A002EAFEB /* cat-breeds */;
			targetProxy = 8B1772412C99E20D002EAFEB /* PBXContainerItemProxy */;
		};
		8B17724C2C99E20D002EAFEB /* PBXTargetDependency */ = {
			isa = PBXTargetDependency;
			target = 8B1772292C99E20A002EAFEB /* cat-breeds */;
			targetProxy = 8B17724B2C99E20D002EAFEB /* PBXContainerItemProxy */;
		};
/* End PBXTargetDependency section */

/* Begin PBXVariantGroup section */
		8B1772382C99E20C002EAFEB /* LaunchScreen.storyboard */ = {
			isa = PBXVariantGroup;
			children = (
				8B1772392C99E20C002EAFEB /* Base */,
			);
			name = LaunchScreen.storyboard;
			sourceTree = "<group>";
		};
/* End PBXVariantGroup section */

/* Begin XCBuildConfiguration section */
		8B1772522C99E20D002EAFEB /* Debug */ = {
			isa = XCBuildConfiguration;
			buildSettings = {
				ALWAYS_SEARCH_USER_PATHS = NO;
				ASSETCATALOG_COMPILER_GENERATE_SWIFT_ASSET_SYMBOL_EXTENSIONS = YES;
				CLANG_ANALYZER_NONNULL = YES;
				CLANG_ANALYZER_NUMBER_OBJECT_CONVERSION = YES_AGGRESSIVE;
				CLANG_CXX_LANGUAGE_STANDARD = "gnu++20";
				CLANG_ENABLE_MODULES = YES;
				CLANG_ENABLE_OBJC_ARC = YES;
				CLANG_ENABLE_OBJC_WEAK = YES;
				CLANG_WARN_BLOCK_CAPTURE_AUTORELEASING = YES;
				CLANG_WARN_BOOL_CONVERSION = YES;
				CLANG_WARN_COMMA = YES;
				CLANG_WARN_CONSTANT_CONVERSION = YES;
				CLANG_WARN_DEPRECATED_OBJC_IMPLEMENTATIONS = YES;
				CLANG_WARN_DIRECT_OBJC_ISA_USAGE = YES_ERROR;
				CLANG_WARN_DOCUMENTATION_COMMENTS = YES;
				CLANG_WARN_EMPTY_BODY = YES;
				CLANG_WARN_ENUM_CONVERSION = YES;
				CLANG_WARN_INFINITE_RECURSION = YES;
				CLANG_WARN_INT_CONVERSION = YES;
				CLANG_WARN_NON_LITERAL_NULL_CONVERSION = YES;
				CLANG_WARN_OBJC_IMPLICIT_RETAIN_SELF = YES;
				CLANG_WARN_OBJC_LITERAL_CONVERSION = YES;
				CLANG_WARN_OBJC_ROOT_CLASS = YES_ERROR;
				CLANG_WARN_QUOTED_INCLUDE_IN_FRAMEWORK_HEADER = YES;
				CLANG_WARN_RANGE_LOOP_ANALYSIS = YES;
				CLANG_WARN_STRICT_PROTOTYPES = YES;
				CLANG_WARN_SUSPICIOUS_MOVE = YES;
				CLANG_WARN_UNGUARDED_AVAILABILITY = YES_AGGRESSIVE;
				CLANG_WARN_UNREACHABLE_CODE = YES;
				CLANG_WARN__DUPLICATE_METHOD_MATCH = YES;
				COPY_PHASE_STRIP = NO;
				DEBUG_INFORMATION_FORMAT = dwarf;
				ENABLE_STRICT_OBJC_MSGSEND = YES;
				ENABLE_TESTABILITY = YES;
				ENABLE_USER_SCRIPT_SANDBOXING = YES;
				GCC_C_LANGUAGE_STANDARD = gnu17;
				GCC_DYNAMIC_NO_PIC = NO;
				GCC_NO_COMMON_BLOCKS = YES;
				GCC_OPTIMIZATION_LEVEL = 0;
				GCC_PREPROCESSOR_DEFINITIONS = (
					"DEBUG=1",
					"$(inherited)",
				);
				GCC_WARN_64_TO_32_BIT_CONVERSION = YES;
				GCC_WARN_ABOUT_RETURN_TYPE = YES_ERROR;
				GCC_WARN_UNDECLARED_SELECTOR = YES;
				GCC_WARN_UNINITIALIZED_AUTOS = YES_AGGRESSIVE;
				GCC_WARN_UNUSED_FUNCTION = YES;
				GCC_WARN_UNUSED_VARIABLE = YES;
				IPHONEOS_DEPLOYMENT_TARGET = 17.5;
				LOCALIZATION_PREFERS_STRING_CATALOGS = YES;
				MTL_ENABLE_DEBUG_INFO = INCLUDE_SOURCE;
				MTL_FAST_MATH = YES;
				ONLY_ACTIVE_ARCH = YES;
				SDKROOT = iphoneos;
				SWIFT_ACTIVE_COMPILATION_CONDITIONS = "DEBUG $(inherited)";
				SWIFT_OPTIMIZATION_LEVEL = "-Onone";
			};
			name = Debug;
		};
		8B1772532C99E20D002EAFEB /* Release */ = {
			isa = XCBuildConfiguration;
			buildSettings = {
				ALWAYS_SEARCH_USER_PATHS = NO;
				ASSETCATALOG_COMPILER_GENERATE_SWIFT_ASSET_SYMBOL_EXTENSIONS = YES;
				CLANG_ANALYZER_NONNULL = YES;
				CLANG_ANALYZER_NUMBER_OBJECT_CONVERSION = YES_AGGRESSIVE;
				CLANG_CXX_LANGUAGE_STANDARD = "gnu++20";
				CLANG_ENABLE_MODULES = YES;
				CLANG_ENABLE_OBJC_ARC = YES;
				CLANG_ENABLE_OBJC_WEAK = YES;
				CLANG_WARN_BLOCK_CAPTURE_AUTORELEASING = YES;
				CLANG_WARN_BOOL_CONVERSION = YES;
				CLANG_WARN_COMMA = YES;
				CLANG_WARN_CONSTANT_CONVERSION = YES;
				CLANG_WARN_DEPRECATED_OBJC_IMPLEMENTATIONS = YES;
				CLANG_WARN_DIRECT_OBJC_ISA_USAGE = YES_ERROR;
				CLANG_WARN_DOCUMENTATION_COMMENTS = YES;
				CLANG_WARN_EMPTY_BODY = YES;
				CLANG_WARN_ENUM_CONVERSION = YES;
				CLANG_WARN_INFINITE_RECURSION = YES;
				CLANG_WARN_INT_CONVERSION = YES;
				CLANG_WARN_NON_LITERAL_NULL_CONVERSION = YES;
				CLANG_WARN_OBJC_IMPLICIT_RETAIN_SELF = YES;
				CLANG_WARN_OBJC_LITERAL_CONVERSION = YES;
				CLANG_WARN_OBJC_ROOT_CLASS = YES_ERROR;
				CLANG_WARN_QUOTED_INCLUDE_IN_FRAMEWORK_HEADER = YES;
				CLANG_WARN_RANGE_LOOP_ANALYSIS = YES;
				CLANG_WARN_STRICT_PROTOTYPES = YES;
				CLANG_WARN_SUSPICIOUS_MOVE = YES;
				CLANG_WARN_UNGUARDED_AVAILABILITY = YES_AGGRESSIVE;
				CLANG_WARN_UNREACHABLE_CODE = YES;
				CLANG_WARN__DUPLICATE_METHOD_MATCH = YES;
				COPY_PHASE_STRIP = NO;
				DEBUG_INFORMATION_FORMAT = "dwarf-with-dsym";
				ENABLE_NS_ASSERTIONS = NO;
				ENABLE_STRICT_OBJC_MSGSEND = YES;
				ENABLE_USER_SCRIPT_SANDBOXING = YES;
				GCC_C_LANGUAGE_STANDARD = gnu17;
				GCC_NO_COMMON_BLOCKS = YES;
				GCC_WARN_64_TO_32_BIT_CONVERSION = YES;
				GCC_WARN_ABOUT_RETURN_TYPE = YES_ERROR;
				GCC_WARN_UNDECLARED_SELECTOR = YES;
				GCC_WARN_UNINITIALIZED_AUTOS = YES_AGGRESSIVE;
				GCC_WARN_UNUSED_FUNCTION = YES;
				GCC_WARN_UNUSED_VARIABLE = YES;
				IPHONEOS_DEPLOYMENT_TARGET = 17.5;
				LOCALIZATION_PREFERS_STRING_CATALOGS = YES;
				MTL_ENABLE_DEBUG_INFO = NO;
				MTL_FAST_MATH = YES;
				SDKROOT = iphoneos;
				SWIFT_COMPILATION_MODE = wholemodule;
				VALIDATE_PRODUCT = YES;
			};
			name = Release;
		};
		8B1772552C99E20D002EAFEB /* Debug */ = {
			isa = XCBuildConfiguration;
			buildSettings = {
				ASSETCATALOG_COMPILER_APPICON_NAME = AppIcon;
				ASSETCATALOG_COMPILER_GLOBAL_ACCENT_COLOR_NAME = AccentColor;
				CODE_SIGN_STYLE = Automatic;
				CURRENT_PROJECT_VERSION = 1;
				DEVELOPMENT_TEAM = JWYZUH34NP;
				GENERATE_INFOPLIST_FILE = YES;
				INFOPLIST_FILE = "cat-breeds/App/Info.plist";
				INFOPLIST_KEY_UIApplicationSupportsIndirectInputEvents = YES;
				INFOPLIST_KEY_UILaunchStoryboardName = LaunchScreen;
				INFOPLIST_KEY_UIMainStoryboardFile = "";
				INFOPLIST_KEY_UISupportedInterfaceOrientations_iPad = "UIInterfaceOrientationPortrait UIInterfaceOrientationPortraitUpsideDown UIInterfaceOrientationLandscapeLeft UIInterfaceOrientationLandscapeRight";
				INFOPLIST_KEY_UISupportedInterfaceOrientations_iPhone = "UIInterfaceOrientationPortrait UIInterfaceOrientationLandscapeLeft UIInterfaceOrientationLandscapeRight";
				LD_RUNPATH_SEARCH_PATHS = (
					"$(inherited)",
					"@executable_path/Frameworks",
				);
				MARKETING_VERSION = 1.0;
				PRODUCT_BUNDLE_IDENTIFIER = "tmsoft.cat-breeds";
				PRODUCT_NAME = "$(TARGET_NAME)";
				SWIFT_EMIT_LOC_STRINGS = YES;
				SWIFT_VERSION = 5.0;
				TARGETED_DEVICE_FAMILY = "1,2";
			};
			name = Debug;
		};
		8B1772562C99E20D002EAFEB /* Release */ = {
			isa = XCBuildConfiguration;
			buildSettings = {
				ASSETCATALOG_COMPILER_APPICON_NAME = AppIcon;
				ASSETCATALOG_COMPILER_GLOBAL_ACCENT_COLOR_NAME = AccentColor;
				CODE_SIGN_STYLE = Automatic;
				CURRENT_PROJECT_VERSION = 1;
				DEVELOPMENT_TEAM = JWYZUH34NP;
				GENERATE_INFOPLIST_FILE = YES;
				INFOPLIST_FILE = "cat-breeds/App/Info.plist";
				INFOPLIST_KEY_UIApplicationSupportsIndirectInputEvents = YES;
				INFOPLIST_KEY_UILaunchStoryboardName = LaunchScreen;
				INFOPLIST_KEY_UIMainStoryboardFile = "";
				INFOPLIST_KEY_UISupportedInterfaceOrientations_iPad = "UIInterfaceOrientationPortrait UIInterfaceOrientationPortraitUpsideDown UIInterfaceOrientationLandscapeLeft UIInterfaceOrientationLandscapeRight";
				INFOPLIST_KEY_UISupportedInterfaceOrientations_iPhone = "UIInterfaceOrientationPortrait UIInterfaceOrientationLandscapeLeft UIInterfaceOrientationLandscapeRight";
				LD_RUNPATH_SEARCH_PATHS = (
					"$(inherited)",
					"@executable_path/Frameworks",
				);
				MARKETING_VERSION = 1.0;
				PRODUCT_BUNDLE_IDENTIFIER = "tmsoft.cat-breeds";
				PRODUCT_NAME = "$(TARGET_NAME)";
				SWIFT_EMIT_LOC_STRINGS = YES;
				SWIFT_VERSION = 5.0;
				TARGETED_DEVICE_FAMILY = "1,2";
			};
			name = Release;
		};
		8B1772582C99E20D002EAFEB /* Debug */ = {
			isa = XCBuildConfiguration;
			buildSettings = {
				BUNDLE_LOADER = "$(TEST_HOST)";
				CODE_SIGN_STYLE = Automatic;
				CURRENT_PROJECT_VERSION = 1;
				DEVELOPMENT_TEAM = JWYZUH34NP;
				GENERATE_INFOPLIST_FILE = YES;
				IPHONEOS_DEPLOYMENT_TARGET = 17.5;
				MARKETING_VERSION = 1.0;
				PRODUCT_BUNDLE_IDENTIFIER = "tmsoft.cat-breedsTests";
				PRODUCT_NAME = "$(TARGET_NAME)";
				SWIFT_EMIT_LOC_STRINGS = NO;
				SWIFT_VERSION = 5.0;
				TARGETED_DEVICE_FAMILY = "1,2";
				TEST_HOST = "$(BUILT_PRODUCTS_DIR)/cat-breeds.app/$(BUNDLE_EXECUTABLE_FOLDER_PATH)/cat-breeds";
			};
			name = Debug;
		};
		8B1772592C99E20D002EAFEB /* Release */ = {
			isa = XCBuildConfiguration;
			buildSettings = {
				BUNDLE_LOADER = "$(TEST_HOST)";
				CODE_SIGN_STYLE = Automatic;
				CURRENT_PROJECT_VERSION = 1;
				DEVELOPMENT_TEAM = JWYZUH34NP;
				GENERATE_INFOPLIST_FILE = YES;
				IPHONEOS_DEPLOYMENT_TARGET = 17.5;
				MARKETING_VERSION = 1.0;
				PRODUCT_BUNDLE_IDENTIFIER = "tmsoft.cat-breedsTests";
				PRODUCT_NAME = "$(TARGET_NAME)";
				SWIFT_EMIT_LOC_STRINGS = NO;
				SWIFT_VERSION = 5.0;
				TARGETED_DEVICE_FAMILY = "1,2";
				TEST_HOST = "$(BUILT_PRODUCTS_DIR)/cat-breeds.app/$(BUNDLE_EXECUTABLE_FOLDER_PATH)/cat-breeds";
			};
			name = Release;
		};
		8B17725B2C99E20D002EAFEB /* Debug */ = {
			isa = XCBuildConfiguration;
			buildSettings = {
				CODE_SIGN_STYLE = Automatic;
				CURRENT_PROJECT_VERSION = 1;
				DEVELOPMENT_TEAM = JWYZUH34NP;
				GENERATE_INFOPLIST_FILE = YES;
				MARKETING_VERSION = 1.0;
				PRODUCT_BUNDLE_IDENTIFIER = "tmsoft.cat-breedsUITests";
				PRODUCT_NAME = "$(TARGET_NAME)";
				SWIFT_EMIT_LOC_STRINGS = NO;
				SWIFT_VERSION = 5.0;
				TARGETED_DEVICE_FAMILY = "1,2";
				TEST_TARGET_NAME = "cat-breeds";
			};
			name = Debug;
		};
		8B17725C2C99E20D002EAFEB /* Release */ = {
			isa = XCBuildConfiguration;
			buildSettings = {
				CODE_SIGN_STYLE = Automatic;
				CURRENT_PROJECT_VERSION = 1;
				DEVELOPMENT_TEAM = JWYZUH34NP;
				GENERATE_INFOPLIST_FILE = YES;
				MARKETING_VERSION = 1.0;
				PRODUCT_BUNDLE_IDENTIFIER = "tmsoft.cat-breedsUITests";
				PRODUCT_NAME = "$(TARGET_NAME)";
				SWIFT_EMIT_LOC_STRINGS = NO;
				SWIFT_VERSION = 5.0;
				TARGETED_DEVICE_FAMILY = "1,2";
				TEST_TARGET_NAME = "cat-breeds";
			};
			name = Release;
		};
/* End XCBuildConfiguration section */

/* Begin XCConfigurationList section */
		8B1772252C99E20A002EAFEB /* Build configuration list for PBXProject "cat-breeds" */ = {
			isa = XCConfigurationList;
			buildConfigurations = (
				8B1772522C99E20D002EAFEB /* Debug */,
				8B1772532C99E20D002EAFEB /* Release */,
			);
			defaultConfigurationIsVisible = 0;
			defaultConfigurationName = Release;
		};
		8B1772542C99E20D002EAFEB /* Build configuration list for PBXNativeTarget "cat-breeds" */ = {
			isa = XCConfigurationList;
			buildConfigurations = (
				8B1772552C99E20D002EAFEB /* Debug */,
				8B1772562C99E20D002EAFEB /* Release */,
			);
			defaultConfigurationIsVisible = 0;
			defaultConfigurationName = Release;
		};
		8B1772572C99E20D002EAFEB /* Build configuration list for PBXNativeTarget "cat-breedsTests" */ = {
			isa = XCConfigurationList;
			buildConfigurations = (
				8B1772582C99E20D002EAFEB /* Debug */,
				8B1772592C99E20D002EAFEB /* Release */,
			);
			defaultConfigurationIsVisible = 0;
			defaultConfigurationName = Release;
		};
		8B17725A2C99E20D002EAFEB /* Build configuration list for PBXNativeTarget "cat-breedsUITests" */ = {
			isa = XCConfigurationList;
			buildConfigurations = (
				8B17725B2C99E20D002EAFEB /* Debug */,
				8B17725C2C99E20D002EAFEB /* Release */,
			);
			defaultConfigurationIsVisible = 0;
			defaultConfigurationName = Release;
		};
/* End XCConfigurationList section */
	};
	rootObject = 8B1772222C99E20A002EAFEB /* Project object */;
}
